version = 1
revision = 1
requires-python = ">=3.11"

[[package]]
name = "hevy-ai-assist"
version = "0.1.0"
source = { virtual = "." }
dependencies = [
    { name = "orjson" },
]

[package.metadata]
requires-dist = [{ name = "orjson", specifier = ">=3.10.16" }]

[[package]]
name = "orjson"
version = "3.10.16"
source = { registry = "https://pypi.org/simple" }
sdist = { url = "https://files.pythonhosted.org/packages/98/c7/03913cc4332174071950acf5b0735463e3f63760c80585ef369270c2b372/orjson-3.10.16.tar.gz", hash = "sha256:d2aaa5c495e11d17b9b93205f5fa196737ee3202f000aaebf028dc9a73750f10", size = 5410415 }
wheels = [
    { url = "https://files.pythonhosted.org/packages/97/29/43f91a5512b5d2535594438eb41c5357865fd5e64dec745d90a588820c75/orjson-3.10.16-cp311-cp311-macosx_10_15_x86_64.macosx_11_0_arm64.macosx_10_15_universal2.whl", hash = "sha256:44fcbe1a1884f8bc9e2e863168b0f84230c3d634afe41c678637d2728ea8e739", size = 249180 },
    { url = "https://files.pythonhosted.org/packages/0c/36/2a72d55e266473c19a86d97b7363bb8bf558ab450f75205689a287d5ce61/orjson-3.10.16-cp311-cp311-manylinux_2_17_aarch64.manylinux2014_aarch64.whl", hash = "sha256:78177bf0a9d0192e0b34c3d78bcff7fe21d1b5d84aeb5ebdfe0dbe637b885225", size = 138510 },
    { url = "https://files.pythonhosted.org/packages/bb/ad/f86d6f55c1a68b57ff6ea7966bce5f4e5163f2e526ddb7db9fc3c2c8d1c4/orjson-3.10.16-cp311-cp311-manylinux_2_17_armv7l.manylinux2014_armv7l.whl", hash = "sha256:12824073a010a754bb27330cad21d6e9b98374f497f391b8707752b96f72e741", size = 132373 },
    { url = "https://files.pythonhosted.org/packages/5e/8b/d18f2711493a809f3082a88fda89342bc8e16767743b909cd3c34989fba3/orjson-3.10.16-cp311-cp311-manylinux_2_17_i686.manylinux2014_i686.whl", hash = "sha256:ddd41007e56284e9867864aa2f29f3136bb1dd19a49ca43c0b4eda22a579cf53", size = 136773 },
    { url = "https://files.pythonhosted.org/packages/a1/dc/ce025f002f8e0749e3f057c4d773a4d4de32b7b4c1fc5a50b429e7532586/orjson-3.10.16-cp311-cp311-manylinux_2_17_ppc64le.manylinux2014_ppc64le.whl", hash = "sha256:0877c4d35de639645de83666458ca1f12560d9fa7aa9b25d8bb8f52f61627d14", size = 138029 },
    { url = "https://files.pythonhosted.org/packages/0e/1b/cf9df85852b91160029d9f26014230366a2b4deb8cc51fabe68e250a8c1a/orjson-3.10.16-cp311-cp311-manylinux_2_17_s390x.manylinux2014_s390x.whl", hash = "sha256:9a09a539e9cc3beead3e7107093b4ac176d015bec64f811afb5965fce077a03c", size = 142677 },
    { url = "https://files.pythonhosted.org/packages/92/18/5b1e1e995bffad49dc4311a0bdfd874bc6f135fd20f0e1f671adc2c9910e/orjson-3.10.16-cp311-cp311-manylinux_2_17_x86_64.manylinux2014_x86_64.whl", hash = "sha256:31b98bc9b40610fec971d9a4d67bb2ed02eec0a8ae35f8ccd2086320c28526ca", size = 132800 },
    { url = "https://files.pythonhosted.org/packages/d6/eb/467f25b580e942fcca1344adef40633b7f05ac44a65a63fc913f9a805d58/orjson-3.10.16-cp311-cp311-musllinux_1_2_aarch64.whl", hash = "sha256:0ce243f5a8739f3a18830bc62dc2e05b69a7545bafd3e3249f86668b2bcd8e50", size = 135451 },
    { url = "https://files.pythonhosted.org/packages/8d/4b/9d10888038975cb375982e9339d9495bac382d5c976c500b8d6f2c8e2e4e/orjson-3.10.16-cp311-cp311-musllinux_1_2_armv7l.whl", hash = "sha256:64792c0025bae049b3074c6abe0cf06f23c8e9f5a445f4bab31dc5ca23dbf9e1", size = 412358 },
    { url = "https://files.pythonhosted.org/packages/3b/e2/cfbcfcc4fbe619e0ca9bdbbfccb2d62b540bbfe41e0ee77d44a628594f59/orjson-3.10.16-cp311-cp311-musllinux_1_2_i686.whl", hash = "sha256:ea53f7e68eec718b8e17e942f7ca56c6bd43562eb19db3f22d90d75e13f0431d", size = 152772 },
    { url = "https://files.pythonhosted.org/packages/b9/d6/627a1b00569be46173007c11dde3da4618c9bfe18409325b0e3e2a82fe29/orjson-3.10.16-cp311-cp311-musllinux_1_2_x86_64.whl", hash = "sha256:a741ba1a9488c92227711bde8c8c2b63d7d3816883268c808fbeada00400c164", size = 137225 },
    { url = "https://files.pythonhosted.org/packages/0a/7b/a73c67b505021af845b9f05c7c848793258ea141fa2058b52dd9b067c2b4/orjson-3.10.16-cp311-cp311-win32.whl", hash = "sha256:c7ed2c61bb8226384c3fdf1fb01c51b47b03e3f4536c985078cccc2fd19f1619", size = 141733 },
    { url = "https://files.pythonhosted.org/packages/f4/22/5e8217c48d68c0adbfb181e749d6a733761074e598b083c69a1383d18147/orjson-3.10.16-cp311-cp311-win_amd64.whl", hash = "sha256:cd67d8b3e0e56222a2e7b7f7da9031e30ecd1fe251c023340b9f12caca85ab60", size = 133784 },
    { url = "https://files.pythonhosted.org/packages/5d/15/67ce9d4c959c83f112542222ea3b9209c1d424231d71d74c4890ea0acd2b/orjson-3.10.16-cp312-cp312-macosx_10_15_x86_64.macosx_11_0_arm64.macosx_10_15_universal2.whl", hash = "sha256:6d3444abbfa71ba21bb042caa4b062535b122248259fdb9deea567969140abca", size = 249325 },
    { url = "https://files.pythonhosted.org/packages/da/2c/1426b06f30a1b9ada74b6f512c1ddf9d2760f53f61cdb59efeb9ad342133/orjson-3.10.16-cp312-cp312-macosx_15_0_arm64.whl", hash = "sha256:30245c08d818fdcaa48b7d5b81499b8cae09acabb216fe61ca619876b128e184", size = 133621 },
    { url = "https://files.pythonhosted.org/packages/9e/88/18d26130954bc73bee3be10f95371ea1dfb8679e0e2c46b0f6d8c6289402/orjson-3.10.16-cp312-cp312-manylinux_2_17_aarch64.manylinux2014_aarch64.whl", hash = "sha256:a0ba1d0baa71bf7579a4ccdcf503e6f3098ef9542106a0eca82395898c8a500a", size = 138270 },
    { url = "https://files.pythonhosted.org/packages/4f/f9/6d8b64fcd58fae072e80ee7981be8ba0d7c26ace954e5cd1d027fc80518f/orjson-3.10.16-cp312-cp312-manylinux_2_17_armv7l.manylinux2014_armv7l.whl", hash = "sha256:eb0beefa5ef3af8845f3a69ff2a4aa62529b5acec1cfe5f8a6b4141033fd46ef", size = 132346 },
    { url = "https://files.pythonhosted.org/packages/16/3f/2513fd5bc786f40cd12af569c23cae6381aeddbefeed2a98f0a666eb5d0d/orjson-3.10.16-cp312-cp312-manylinux_2_17_i686.manylinux2014_i686.whl", hash = "sha256:6daa0e1c9bf2e030e93c98394de94506f2a4d12e1e9dadd7c53d5e44d0f9628e", size = 136845 },
    { url = "https://files.pythonhosted.org/packages/6d/42/b0e7b36720f5ab722b48e8ccf06514d4f769358dd73c51abd8728ef58d0b/orjson-3.10.16-cp312-cp312-manylinux_2_17_ppc64le.manylinux2014_ppc64le.whl", hash = "sha256:9da9019afb21e02410ef600e56666652b73eb3e4d213a0ec919ff391a7dd52aa", size = 138078 },
    { url = "https://files.pythonhosted.org/packages/a3/a8/d220afb8a439604be74fc755dbc740bded5ed14745ca536b304ed32eb18a/orjson-3.10.16-cp312-cp312-manylinux_2_17_s390x.manylinux2014_s390x.whl", hash = "sha256:daeb3a1ee17b69981d3aae30c3b4e786b0f8c9e6c71f2b48f1aef934f63f38f4", size = 142712 },
    { url = "https://files.pythonhosted.org/packages/8c/88/7e41e9883c00f84f92fe357a8371edae816d9d7ef39c67b5106960c20389/orjson-3.10.16-cp312-cp312-manylinux_2_17_x86_64.manylinux2014_x86_64.whl", hash = "sha256:80fed80eaf0e20a31942ae5d0728849862446512769692474be5e6b73123a23b", size = 133136 },
    { url = "https://files.pythonhosted.org/packages/e9/ca/61116095307ad0be828ea26093febaf59e38596d84a9c8d765c3c5e4934f/orjson-3.10.16-cp312-cp312-musllinux_1_2_aarch64.whl", hash = "sha256:73390ed838f03764540a7bdc4071fe0123914c2cc02fb6abf35182d5fd1b7a42", size = 135258 },
    { url = "https://files.pythonhosted.org/packages/dc/1b/09493cf7d801505f094c9295f79c98c1e0af2ac01c7ed8d25b30fcb19ada/orjson-3.10.16-cp312-cp312-musllinux_1_2_armv7l.whl", hash = "sha256:a22bba012a0c94ec02a7768953020ab0d3e2b884760f859176343a36c01adf87", size = 412326 },
    { url = "https://files.pythonhosted.org/packages/ea/02/125d7bbd7f7a500190ddc8ae5d2d3c39d87ed3ed28f5b37cfe76962c678d/orjson-3.10.16-cp312-cp312-musllinux_1_2_i686.whl", hash = "sha256:5385bbfdbc90ff5b2635b7e6bebf259652db00a92b5e3c45b616df75b9058e88", size = 152800 },
    { url = "https://files.pythonhosted.org/packages/f9/09/7658a9e3e793d5b3b00598023e0fb6935d0e7bbb8ff72311c5415a8ce677/orjson-3.10.16-cp312-cp312-musllinux_1_2_x86_64.whl", hash = "sha256:02c6279016346e774dd92625d46c6c40db687b8a0d685aadb91e26e46cc33e1e", size = 137516 },
    { url = "https://files.pythonhosted.org/packages/29/87/32b7a4831e909d347278101a48d4cf9f3f25901b2295e7709df1651f65a1/orjson-3.10.16-cp312-cp312-win32.whl", hash = "sha256:7ca55097a11426db80f79378e873a8c51f4dde9ffc22de44850f9696b7eb0e8c", size = 141759 },
    { url = "https://files.pythonhosted.org/packages/35/ce/81a27e7b439b807bd393585271364cdddf50dc281fc57c4feef7ccb186a6/orjson-3.10.16-cp312-cp312-win_amd64.whl", hash = "sha256:86d127efdd3f9bf5f04809b70faca1e6836556ea3cc46e662b44dab3fe71f3d6", size = 133944 },
    { url = "https://files.pythonhosted.org/packages/87/b9/ff6aa28b8c86af9526160905593a2fe8d004ac7a5e592ee0b0ff71017511/orjson-3.10.16-cp313-cp313-macosx_10_15_x86_64.macosx_11_0_arm64.macosx_10_15_universal2.whl", hash = "sha256:148a97f7de811ba14bc6dbc4a433e0341ffd2cc285065199fb5f6a98013744bd", size = 249289 },
    { url = "https://files.pythonhosted.org/packages/6c/81/6d92a586149b52684ab8fd70f3623c91d0e6a692f30fd8c728916ab2263c/orjson-3.10.16-cp313-cp313-macosx_15_0_arm64.whl", hash = "sha256:1d960c1bf0e734ea36d0adc880076de3846aaec45ffad29b78c7f1b7962516b8", size = 133640 },
    { url = "https://files.pythonhosted.org/packages/c2/88/b72443f4793d2e16039ab85d0026677932b15ab968595fb7149750d74134/orjson-3.10.16-cp313-cp313-manylinux_2_17_aarch64.manylinux2014_aarch64.whl", hash = "sha256:a318cd184d1269f68634464b12871386808dc8b7c27de8565234d25975a7a137", size = 138286 },
    { url = "https://files.pythonhosted.org/packages/c3/3c/72a22d4b28c076c4016d5a52bd644a8e4d849d3bb0373d9e377f9e3b2250/orjson-3.10.16-cp313-cp313-manylinux_2_17_armv7l.manylinux2014_armv7l.whl", hash = "sha256:df23f8df3ef9223d1d6748bea63fca55aae7da30a875700809c500a05975522b", size = 132307 },
    { url = "https://files.pythonhosted.org/packages/8a/a2/f1259561bdb6ad7061ff1b95dab082fe32758c4bc143ba8d3d70831f0a06/orjson-3.10.16-cp313-cp313-manylinux_2_17_i686.manylinux2014_i686.whl", hash = "sha256:b94dda8dd6d1378f1037d7f3f6b21db769ef911c4567cbaa962bb6dc5021cf90", size = 136739 },
    { url = "https://files.pythonhosted.org/packages/3d/af/c7583c4b34f33d8b8b90cfaab010ff18dd64e7074cc1e117a5f1eff20dcf/orjson-3.10.16-cp313-cp313-manylinux_2_17_ppc64le.manylinux2014_ppc64le.whl", hash = "sha256:f12970a26666a8775346003fd94347d03ccb98ab8aa063036818381acf5f523e", size = 138076 },
    { url = "https://files.pythonhosted.org/packages/d7/59/d7fc7fbdd3d4a64c2eae4fc7341a5aa39cf9549bd5e2d7f6d3c07f8b715b/orjson-3.10.16-cp313-cp313-manylinux_2_17_s390x.manylinux2014_s390x.whl", hash = "sha256:15a1431a245d856bd56e4d29ea0023eb4d2c8f71efe914beb3dee8ab3f0cd7fb", size = 142643 },
    { url = "https://files.pythonhosted.org/packages/92/0e/3bd8f2197d27601f16b4464ae948826da2bcf128af31230a9dbbad7ceb57/orjson-3.10.16-cp313-cp313-manylinux_2_17_x86_64.manylinux2014_x86_64.whl", hash = "sha256:c83655cfc247f399a222567d146524674a7b217af7ef8289c0ff53cfe8db09f0", size = 133168 },
    { url = "https://files.pythonhosted.org/packages/af/a8/351fd87b664b02f899f9144d2c3dc848b33ac04a5df05234cbfb9e2a7540/orjson-3.10.16-cp313-cp313-musllinux_1_2_aarch64.whl", hash = "sha256:fa59ae64cb6ddde8f09bdbf7baf933c4cd05734ad84dcf4e43b887eb24e37652", size = 135271 },
    { url = "https://files.pythonhosted.org/packages/ba/b0/a6d42a7d412d867c60c0337d95123517dd5a9370deea705ea1be0f89389e/orjson-3.10.16-cp313-cp313-musllinux_1_2_armv7l.whl", hash = "sha256:ca5426e5aacc2e9507d341bc169d8af9c3cbe88f4cd4c1cf2f87e8564730eb56", size = 412444 },
    { url = "https://files.pythonhosted.org/packages/79/ec/7572cd4e20863f60996f3f10bc0a6da64a6fd9c35954189a914cec0b7377/orjson-3.10.16-cp313-cp313-musllinux_1_2_i686.whl", hash = "sha256:6fd5da4edf98a400946cd3a195680de56f1e7575109b9acb9493331047157430", size = 152737 },
    { url = "https://files.pythonhosted.org/packages/a9/19/ceb9e8fed5403b2e76a8ac15f581b9d25780a3be3c9b3aa54b7777a210d5/orjson-3.10.16-cp313-cp313-musllinux_1_2_x86_64.whl", hash = "sha256:980ecc7a53e567169282a5e0ff078393bac78320d44238da4e246d71a4e0e8f5", size = 137482 },
    { url = "https://files.pythonhosted.org/packages/1b/78/a78bb810f3786579dbbbd94768284cbe8f2fd65167cd7020260679665c17/orjson-3.10.16-cp313-cp313-win32.whl", hash = "sha256:28f79944dd006ac540a6465ebd5f8f45dfdf0948ff998eac7a908275b4c1add6", size = 141714 },
    { url = "https://files.pythonhosted.org/packages/81/9c/b66ce9245ff319df2c3278acd351a3f6145ef34b4a2d7f4b0f739368370f/orjson-3.10.16-cp313-cp313-win_amd64.whl", hash = "sha256:fe0a145e96d51971407cb8ba947e63ead2aa915db59d6631a355f5f2150b56b7", size = 133954 },
]
